// !$*UTF8*$!
{
	archiveVersion = 1;
	classes = {
	};
	objectVersion = 46;
	objects = {

/* Begin PBXBuildFile section */
		20C537FB198DD4BC00A63A89 /* Foundation.framework in Frameworks */ = {isa = PBXBuildFile; fileRef = 20C537FA198DD4BC00A63A89 /* Foundation.framework */; };
		20C537FD198DD4BC00A63A89 /* CoreGraphics.framework in Frameworks */ = {isa = PBXBuildFile; fileRef = 20C537FC198DD4BC00A63A89 /* CoreGraphics.framework */; };
		20C537FF198DD4BC00A63A89 /* UIKit.framework in Frameworks */ = {isa = PBXBuildFile; fileRef = 20C537FE198DD4BC00A63A89 /* UIKit.framework */; };
		20C53805198DD4BC00A63A89 /* InfoPlist.strings in Resources */ = {isa = PBXBuildFile; fileRef = 20C53803198DD4BC00A63A89 /* InfoPlist.strings */; };
		20C53807198DD4BC00A63A89 /* main.m in Sources */ = {isa = PBXBuildFile; fileRef = 20C53806198DD4BC00A63A89 /* main.m */; };
		20C5380B198DD4BC00A63A89 /* BRAppDelegate.m in Sources */ = {isa = PBXBuildFile; fileRef = 20C5380A198DD4BC00A63A89 /* BRAppDelegate.m */; };
		20C5380D198DD4BC00A63A89 /* Images.xcassets in Resources */ = {isa = PBXBuildFile; fileRef = 20C5380C198DD4BC00A63A89 /* Images.xcassets */; };
		20C53814198DD4BC00A63A89 /* XCTest.framework in Frameworks */ = {isa = PBXBuildFile; fileRef = 20C53813198DD4BC00A63A89 /* XCTest.framework */; };
		20C53815198DD4BC00A63A89 /* Foundation.framework in Frameworks */ = {isa = PBXBuildFile; fileRef = 20C537FA198DD4BC00A63A89 /* Foundation.framework */; };
		20C53816198DD4BC00A63A89 /* UIKit.framework in Frameworks */ = {isa = PBXBuildFile; fileRef = 20C537FE198DD4BC00A63A89 /* UIKit.framework */; };
		20C5381E198DD4BC00A63A89 /* InfoPlist.strings in Resources */ = {isa = PBXBuildFile; fileRef = 20C5381C198DD4BC00A63A89 /* InfoPlist.strings */; };
		20C53820198DD4BC00A63A89 /* BrickTests.m in Sources */ = {isa = PBXBuildFile; fileRef = 20C5381F198DD4BC00A63A89 /* BrickTests.m */; };
		20C5382A198DD55A00A63A89 /* SpriteKit.framework in Frameworks */ = {isa = PBXBuildFile; fileRef = 20C53829198DD55A00A63A89 /* SpriteKit.framework */; };
		20C5382D198DD58700A63A89 /* BRGameViewController.m in Sources */ = {isa = PBXBuildFile; fileRef = 20C5382C198DD58700A63A89 /* BRGameViewController.m */; };
		20C53832198DD63000A63A89 /* BRGameScene.m in Sources */ = {isa = PBXBuildFile; fileRef = 20C53831198DD63000A63A89 /* BRGameScene.m */; };
		20C53835198DD64500A63A89 /* BRPaddleNode.m in Sources */ = {isa = PBXBuildFile; fileRef = 20C53834198DD64500A63A89 /* BRPaddleNode.m */; };
		20C53838198DD65000A63A89 /* BRBallNode.m in Sources */ = {isa = PBXBuildFile; fileRef = 20C53837198DD65000A63A89 /* BRBallNode.m */; };
		20C5383B198DD65800A63A89 /* BRBrickNode.m in Sources */ = {isa = PBXBuildFile; fileRef = 20C5383A198DD65800A63A89 /* BRBrickNode.m */; };
/* End PBXBuildFile section */

/* Begin PBXContainerItemProxy section */
		20C53817198DD4BC00A63A89 /* PBXContainerItemProxy */ = {
			isa = PBXContainerItemProxy;
			containerPortal = 20C537EF198DD4BC00A63A89 /* Project object */;
			proxyType = 1;
			remoteGlobalIDString = 20C537F6198DD4BC00A63A89;
			remoteInfo = Brick;
		};
/* End PBXContainerItemProxy section */

/* Begin PBXFileReference section */
		20C537F7198DD4BC00A63A89 /* Brick.app */ = {isa = PBXFileReference; explicitFileType = wrapper.application; includeInIndex = 0; path = Brick.app; sourceTree = BUILT_PRODUCTS_DIR; };
		20C537FA198DD4BC00A63A89 /* Foundation.framework */ = {isa = PBXFileReference; lastKnownFileType = wrapper.framework; name = Foundation.framework; path = System/Library/Frameworks/Foundation.framework; sourceTree = SDKROOT; };
		20C537FC198DD4BC00A63A89 /* CoreGraphics.framework */ = {isa = PBXFileReference; lastKnownFileType = wrapper.framework; name = CoreGraphics.framework; path = System/Library/Frameworks/CoreGraphics.framework; sourceTree = SDKROOT; };
		20C537FE198DD4BC00A63A89 /* UIKit.framework */ = {isa = PBXFileReference; lastKnownFileType = wrapper.framework; name = UIKit.framework; path = System/Library/Frameworks/UIKit.framework; sourceTree = SDKROOT; };
		20C53802198DD4BC00A63A89 /* Brick-Info.plist */ = {isa = PBXFileReference; lastKnownFileType = text.plist.xml; path = "Brick-Info.plist"; sourceTree = "<group>"; };
		20C53804198DD4BC00A63A89 /* en */ = {isa = PBXFileReference; lastKnownFileType = text.plist.strings; name = en; path = en.lproj/InfoPlist.strings; sourceTree = "<group>"; };
		20C53806198DD4BC00A63A89 /* main.m */ = {isa = PBXFileReference; lastKnownFileType = sourcecode.c.objc; path = main.m; sourceTree = "<group>"; };
		20C53808198DD4BC00A63A89 /* Brick-Prefix.pch */ = {isa = PBXFileReference; lastKnownFileType = sourcecode.c.h; path = "Brick-Prefix.pch"; sourceTree = "<group>"; };
		20C53809198DD4BC00A63A89 /* BRAppDelegate.h */ = {isa = PBXFileReference; lastKnownFileType = sourcecode.c.h; path = BRAppDelegate.h; sourceTree = "<group>"; };
		20C5380A198DD4BC00A63A89 /* BRAppDelegate.m */ = {isa = PBXFileReference; lastKnownFileType = sourcecode.c.objc; path = BRAppDelegate.m; sourceTree = "<group>"; };
		20C5380C198DD4BC00A63A89 /* Images.xcassets */ = {isa = PBXFileReference; lastKnownFileType = folder.assetcatalog; path = Images.xcassets; sourceTree = "<group>"; };
		20C53812198DD4BC00A63A89 /* BrickTests.xctest */ = {isa = PBXFileReference; explicitFileType = wrapper.cfbundle; includeInIndex = 0; path = BrickTests.xctest; sourceTree = BUILT_PRODUCTS_DIR; };
		20C53813198DD4BC00A63A89 /* XCTest.framework */ = {isa = PBXFileReference; lastKnownFileType = wrapper.framework; name = XCTest.framework; path = Library/Frameworks/XCTest.framework; sourceTree = DEVELOPER_DIR; };
		20C5381B198DD4BC00A63A89 /* BrickTests-Info.plist */ = {isa = PBXFileReference; lastKnownFileType = text.plist.xml; path = "BrickTests-Info.plist"; sourceTree = "<group>"; };
		20C5381D198DD4BC00A63A89 /* en */ = {isa = PBXFileReference; lastKnownFileType = text.plist.strings; name = en; path = en.lproj/InfoPlist.strings; sourceTree = "<group>"; };
		20C5381F198DD4BC00A63A89 /* BrickTests.m */ = {isa = PBXFileReference; lastKnownFileType = sourcecode.c.objc; path = BrickTests.m; sourceTree = "<group>"; };
		20C53829198DD55A00A63A89 /* SpriteKit.framework */ = {isa = PBXFileReference; lastKnownFileType = wrapper.framework; name = SpriteKit.framework; path = System/Library/Frameworks/SpriteKit.framework; sourceTree = SDKROOT; };
		20C5382B198DD58700A63A89 /* BRGameViewController.h */ = {isa = PBXFileReference; fileEncoding = 4; lastKnownFileType = sourcecode.c.h; path = BRGameViewController.h; sourceTree = "<group>"; };
		20C5382C198DD58700A63A89 /* BRGameViewController.m */ = {isa = PBXFileReference; fileEncoding = 4; lastKnownFileType = sourcecode.c.objc; path = BRGameViewController.m; sourceTree = "<group>"; };
		20C53830198DD63000A63A89 /* BRGameScene.h */ = {isa = PBXFileReference; fileEncoding = 4; lastKnownFileType = sourcecode.c.h; path = BRGameScene.h; sourceTree = "<group>"; };
		20C53831198DD63000A63A89 /* BRGameScene.m */ = {isa = PBXFileReference; fileEncoding = 4; lastKnownFileType = sourcecode.c.objc; path = BRGameScene.m; sourceTree = "<group>"; };
		20C53833198DD64500A63A89 /* BRPaddleNode.h */ = {isa = PBXFileReference; fileEncoding = 4; lastKnownFileType = sourcecode.c.h; path = BRPaddleNode.h; sourceTree = "<group>"; };
		20C53834198DD64500A63A89 /* BRPaddleNode.m */ = {isa = PBXFileReference; fileEncoding = 4; lastKnownFileType = sourcecode.c.objc; path = BRPaddleNode.m; sourceTree = "<group>"; };
		20C53836198DD65000A63A89 /* BRBallNode.h */ = {isa = PBXFileReference; fileEncoding = 4; lastKnownFileType = sourcecode.c.h; path = BRBallNode.h; sourceTree = "<group>"; };
		20C53837198DD65000A63A89 /* BRBallNode.m */ = {isa = PBXFileReference; fileEncoding = 4; lastKnownFileType = sourcecode.c.objc; path = BRBallNode.m; sourceTree = "<group>"; };
		20C53839198DD65800A63A89 /* BRBrickNode.h */ = {isa = PBXFileReference; fileEncoding = 4; lastKnownFileType = sourcecode.c.h; path = BRBrickNode.h; sourceTree = "<group>"; };
		20C5383A198DD65800A63A89 /* BRBrickNode.m */ = {isa = PBXFileReference; fileEncoding = 4; lastKnownFileType = sourcecode.c.objc; path = BRBrickNode.m; sourceTree = "<group>"; };
/* End PBXFileReference section */

/* Begin PBXFrameworksBuildPhase section */
		20C537F4198DD4BC00A63A89 /* Frameworks */ = {
			isa = PBXFrameworksBuildPhase;
			buildActionMask = 2147483647;
			files = (
				20C5382A198DD55A00A63A89 /* SpriteKit.framework in Frameworks */,
				20C537FD198DD4BC00A63A89 /* CoreGraphics.framework in Frameworks */,
				20C537FF198DD4BC00A63A89 /* UIKit.framework in Frameworks */,
				20C537FB198DD4BC00A63A89 /* Foundation.framework in Frameworks */,
			);
			runOnlyForDeploymentPostprocessing = 0;
		};
		20C5380F198DD4BC00A63A89 /* Frameworks */ = {
			isa = PBXFrameworksBuildPhase;
			buildActionMask = 2147483647;
			files = (
				20C53814198DD4BC00A63A89 /* XCTest.framework in Frameworks */,
				20C53816198DD4BC00A63A89 /* UIKit.framework in Frameworks */,
				20C53815198DD4BC00A63A89 /* Foundation.framework in Frameworks */,
			);
			runOnlyForDeploymentPostprocessing = 0;
		};
/* End PBXFrameworksBuildPhase section */

/* Begin PBXGroup section */
		20C537EE198DD4BC00A63A89 = {
			isa = PBXGroup;
			children = (
				20C53800198DD4BC00A63A89 /* Brick */,
				20C53819198DD4BC00A63A89 /* BrickTests */,
				20C537F9198DD4BC00A63A89 /* Frameworks */,
				20C537F8198DD4BC00A63A89 /* Products */,
			);
			sourceTree = "<group>";
		};
		20C537F8198DD4BC00A63A89 /* Products */ = {
			isa = PBXGroup;
			children = (
				20C537F7198DD4BC00A63A89 /* Brick.app */,
				20C53812198DD4BC00A63A89 /* BrickTests.xctest */,
			);
			name = Products;
			sourceTree = "<group>";
		};
		20C537F9198DD4BC00A63A89 /* Frameworks */ = {
			isa = PBXGroup;
			children = (
				20C53829198DD55A00A63A89 /* SpriteKit.framework */,
				20C537FA198DD4BC00A63A89 /* Foundation.framework */,
				20C537FC198DD4BC00A63A89 /* CoreGraphics.framework */,
				20C537FE198DD4BC00A63A89 /* UIKit.framework */,
				20C53813198DD4BC00A63A89 /* XCTest.framework */,
			);
			name = Frameworks;
			sourceTree = "<group>";
		};
		20C53800198DD4BC00A63A89 /* Brick */ = {
			isa = PBXGroup;
			children = (
				20C53809198DD4BC00A63A89 /* BRAppDelegate.h */,
				20C5380A198DD4BC00A63A89 /* BRAppDelegate.m */,
				20C5382B198DD58700A63A89 /* BRGameViewController.h */,
				20C5382C198DD58700A63A89 /* BRGameViewController.m */,
				20C5382E198DD61A00A63A89 /* Scenes */,
				20C5382F198DD61F00A63A89 /* Nodes */,
				20C5380C198DD4BC00A63A89 /* Images.xcassets */,
				20C53801198DD4BC00A63A89 /* Supporting Files */,
			);
			path = Brick;
			sourceTree = "<group>";
		};
		20C53801198DD4BC00A63A89 /* Supporting Files */ = {
			isa = PBXGroup;
			children = (
				20C53802198DD4BC00A63A89 /* Brick-Info.plist */,
				20C53803198DD4BC00A63A89 /* InfoPlist.strings */,
				20C53806198DD4BC00A63A89 /* main.m */,
				20C53808198DD4BC00A63A89 /* Brick-Prefix.pch */,
			);
			name = "Supporting Files";
			sourceTree = "<group>";
		};
		20C53819198DD4BC00A63A89 /* BrickTests */ = {
			isa = PBXGroup;
			children = (
				20C5381F198DD4BC00A63A89 /* BrickTests.m */,
				20C5381A198DD4BC00A63A89 /* Supporting Files */,
			);
			path = BrickTests;
			sourceTree = "<group>";
		};
		20C5381A198DD4BC00A63A89 /* Supporting Files */ = {
			isa = PBXGroup;
			children = (
				20C5381B198DD4BC00A63A89 /* BrickTests-Info.plist */,
				20C5381C198DD4BC00A63A89 /* InfoPlist.strings */,
			);
			name = "Supporting Files";
			sourceTree = "<group>";
		};
		20C5382E198DD61A00A63A89 /* Scenes */ = {
			isa = PBXGroup;
			children = (
				20C53830198DD63000A63A89 /* BRGameScene.h */,
				20C53831198DD63000A63A89 /* BRGameScene.m */,
			);
			name = Scenes;
			sourceTree = "<group>";
		};
		20C5382F198DD61F00A63A89 /* Nodes */ = {
			isa = PBXGroup;
			children = (
				20C53833198DD64500A63A89 /* BRPaddleNode.h */,
				20C53834198DD64500A63A89 /* BRPaddleNode.m */,
				20C53836198DD65000A63A89 /* BRBallNode.h */,
				20C53837198DD65000A63A89 /* BRBallNode.m */,
				20C53839198DD65800A63A89 /* BRBrickNode.h */,
				20C5383A198DD65800A63A89 /* BRBrickNode.m */,
			);
			name = Nodes;
			sourceTree = "<group>";
		};
/* End PBXGroup section */

/* Begin PBXNativeTarget section */
		20C537F6198DD4BC00A63A89 /* Brick */ = {
			isa = PBXNativeTarget;
			buildConfigurationList = 20C53823198DD4BC00A63A89 /* Build configuration list for PBXNativeTarget "Brick" */;
			buildPhases = (
				20C537F3198DD4BC00A63A89 /* Sources */,
				20C537F4198DD4BC00A63A89 /* Frameworks */,
				20C537F5198DD4BC00A63A89 /* Resources */,
			);
			buildRules = (
			);
			dependencies = (
			);
			name = Brick;
			productName = Brick;
			productReference = 20C537F7198DD4BC00A63A89 /* Brick.app */;
			productType = "com.apple.product-type.application";
		};
		20C53811198DD4BC00A63A89 /* BrickTests */ = {
			isa = PBXNativeTarget;
			buildConfigurationList = 20C53826198DD4BC00A63A89 /* Build configuration list for PBXNativeTarget "BrickTests" */;
			buildPhases = (
				20C5380E198DD4BC00A63A89 /* Sources */,
				20C5380F198DD4BC00A63A89 /* Frameworks */,
				20C53810198DD4BC00A63A89 /* Resources */,
			);
			buildRules = (
			);
			dependencies = (
				20C53818198DD4BC00A63A89 /* PBXTargetDependency */,
			);
			name = BrickTests;
			productName = BrickTests;
			productReference = 20C53812198DD4BC00A63A89 /* BrickTests.xctest */;
			productType = "com.apple.product-type.bundle.unit-test";
		};
/* End PBXNativeTarget section */

/* Begin PBXProject section */
		20C537EF198DD4BC00A63A89 /* Project object */ = {
			isa = PBXProject;
			attributes = {
				CLASSPREFIX = BR;
				LastUpgradeCheck = 0510;
				ORGANIZATIONNAME = "Evan Coleman";
				TargetAttributes = {
					20C53811198DD4BC00A63A89 = {
						TestTargetID = 20C537F6198DD4BC00A63A89;
					};
				};
			};
			buildConfigurationList = 20C537F2198DD4BC00A63A89 /* Build configuration list for PBXProject "Brick" */;
			compatibilityVersion = "Xcode 3.2";
			developmentRegion = English;
			hasScannedForEncodings = 0;
			knownRegions = (
				en,
			);
			mainGroup = 20C537EE198DD4BC00A63A89;
			productRefGroup = 20C537F8198DD4BC00A63A89 /* Products */;
			projectDirPath = "";
			projectRoot = "";
			targets = (
				20C537F6198DD4BC00A63A89 /* Brick */,
				20C53811198DD4BC00A63A89 /* BrickTests */,
			);
		};
/* End PBXProject section */

/* Begin PBXResourcesBuildPhase section */
		20C537F5198DD4BC00A63A89 /* Resources */ = {
			isa = PBXResourcesBuildPhase;
			buildActionMask = 2147483647;
			files = (
				20C53805198DD4BC00A63A89 /* InfoPlist.strings in Resources */,
				20C5380D198DD4BC00A63A89 /* Images.xcassets in Resources */,
			);
			runOnlyForDeploymentPostprocessing = 0;
		};
		20C53810198DD4BC00A63A89 /* Resources */ = {
			isa = PBXResourcesBuildPhase;
			buildActionMask = 2147483647;
			files = (
				20C5381E198DD4BC00A63A89 /* InfoPlist.strings in Resources */,
			);
			runOnlyForDeploymentPostprocessing = 0;
		};
/* End PBXResourcesBuildPhase section */

/* Begin PBXSourcesBuildPhase section */
		20C537F3198DD4BC00A63A89 /* Sources */ = {
			isa = PBXSourcesBuildPhase;
			buildActionMask = 2147483647;
			files = (
				20C53838198DD65000A63A89 /* BRBallNode.m in Sources */,
				20C5383B198DD65800A63A89 /* BRBrickNode.m in Sources */,
				20C53832198DD63000A63A89 /* BRGameScene.m in Sources */,
				20C5382D198DD58700A63A89 /* BRGameViewController.m in Sources */,
				20C5380B198DD4BC00A63A89 /* BRAppDelegate.m in Sources */,
				20C53807198DD4BC00A63A89 /* main.m in Sources */,
				20C53835198DD64500A63A89 /* BRPaddleNode.m in Sources */,
			);
			runOnlyForDeploymentPostprocessing = 0;
		};
		20C5380E198DD4BC00A63A89 /* Sources */ = {
			isa = PBXSourcesBuildPhase;
			buildActionMask = 2147483647;
			files = (
				20C53820198DD4BC00A63A89 /* BrickTests.m in Sources */,
			);
			runOnlyForDeploymentPostprocessing = 0;
		};
/* End PBXSourcesBuildPhase section */

/* Begin PBXTargetDependency section */
		20C53818198DD4BC00A63A89 /* PBXTargetDependency */ = {
			isa = PBXTargetDependency;
			target = 20C537F6198DD4BC00A63A89 /* Brick */;
			targetProxy = 20C53817198DD4BC00A63A89 /* PBXContainerItemProxy */;
		};
/* End PBXTargetDependency section */

/* Begin PBXVariantGroup section */
		20C53803198DD4BC00A63A89 /* InfoPlist.strings */ = {
			isa = PBXVariantGroup;
			children = (
				20C53804198DD4BC00A63A89 /* en */,
			);
			name = InfoPlist.strings;
			sourceTree = "<group>";
		};
		20C5381C198DD4BC00A63A89 /* InfoPlist.strings */ = {
			isa = PBXVariantGroup;
			children = (
				20C5381D198DD4BC00A63A89 /* en */,
			);
			name = InfoPlist.strings;
			sourceTree = "<group>";
		};
/* End PBXVariantGroup section */

/* Begin XCBuildConfiguration section */
		20C53821198DD4BC00A63A89 /* Debug */ = {
			isa = XCBuildConfiguration;
			buildSettings = {
				ALWAYS_SEARCH_USER_PATHS = NO;
				CLANG_CXX_LANGUAGE_STANDARD = "gnu++0x";
				CLANG_CXX_LIBRARY = "libc++";
				CLANG_ENABLE_MODULES = YES;
				CLANG_ENABLE_OBJC_ARC = YES;
				CLANG_WARN_BOOL_CONVERSION = YES;
				CLANG_WARN_CONSTANT_CONVERSION = YES;
				CLANG_WARN_DIRECT_OBJC_ISA_USAGE = YES_ERROR;
				CLANG_WARN_EMPTY_BODY = YES;
				CLANG_WARN_ENUM_CONVERSION = YES;
				CLANG_WARN_INT_CONVERSION = YES;
				CLANG_WARN_OBJC_ROOT_CLASS = YES_ERROR;
				CLANG_WARN__DUPLICATE_METHOD_MATCH = YES;
				"CODE_SIGN_IDENTITY[sdk=iphoneos*]" = "iPhone Developer";
				COPY_PHASE_STRIP = NO;
				GCC_C_LANGUAGE_STANDARD = gnu99;
				GCC_DYNAMIC_NO_PIC = NO;
				GCC_OPTIMIZATION_LEVEL = 0;
				GCC_PREPROCESSOR_DEFINITIONS = (
					"DEBUG=1",
					"$(inherited)",
				);
				GCC_SYMBOLS_PRIVATE_EXTERN = NO;
				GCC_WARN_64_TO_32_BIT_CONVERSION = YES;
				GCC_WARN_ABOUT_RETURN_TYPE = YES_ERROR;
				GCC_WARN_UNDECLARED_SELECTOR = YES;
				GCC_WARN_UNINITIALIZED_AUTOS = YES_AGGRESSIVE;
				GCC_WARN_UNUSED_FUNCTION = YES;
				GCC_WARN_UNUSED_VARIABLE = YES;
				IPHONEOS_DEPLOYMENT_TARGET = 7.1;
				ONLY_ACTIVE_ARCH = YES;
				SDKROOT = iphoneos;
			};
			name = Debug;
		};
		20C53822198DD4BC00A63A89 /* Release */ = {
			isa = XCBuildConfiguration;
			buildSettings = {
				ALWAYS_SEARCH_USER_PATHS = NO;
				CLANG_CXX_LANGUAGE_STANDARD = "gnu++0x";
				CLANG_CXX_LIBRARY = "libc++";
				CLANG_ENABLE_MODULES = YES;
				CLANG_ENABLE_OBJC_ARC = YES;
				CLANG_WARN_BOOL_CONVERSION = YES;
				CLANG_WARN_CONSTANT_CONVERSION = YES;
				CLANG_WARN_DIRECT_OBJC_ISA_USAGE = YES_ERROR;
				CLANG_WARN_EMPTY_BODY = YES;
				CLANG_WARN_ENUM_CONVERSION = YES;
				CLANG_WARN_INT_CONVERSION = YES;
				CLANG_WARN_OBJC_ROOT_CLASS = YES_ERROR;
				CLANG_WARN__DUPLICATE_METHOD_MATCH = YES;
				"CODE_SIGN_IDENTITY[sdk=iphoneos*]" = "iPhone Developer";
				COPY_PHASE_STRIP = YES;
				ENABLE_NS_ASSERTIONS = NO;
				GCC_C_LANGUAGE_STANDARD = gnu99;
				GCC_WARN_64_TO_32_BIT_CONVERSION = YES;
				GCC_WARN_ABOUT_RETURN_TYPE = YES_ERROR;
				GCC_WARN_UNDECLARED_SELECTOR = YES;
				GCC_WARN_UNINITIALIZED_AUTOS = YES_AGGRESSIVE;
				GCC_WARN_UNUSED_FUNCTION = YES;
				GCC_WARN_UNUSED_VARIABLE = YES;
				IPHONEOS_DEPLOYMENT_TARGET = 7.1;
				SDKROOT = iphoneos;
				VALIDATE_PRODUCT = YES;
			};
			name = Release;
		};
		20C53824198DD4BC00A63A89 /* Debug */ = {
			isa = XCBuildConfiguration;
			buildSettings = {
				ASSETCATALOG_COMPILER_APPICON_NAME = AppIcon;
				ASSETCATALOG_COMPILER_LAUNCHIMAGE_NAME = LaunchImage;
				GCC_PRECOMPILE_PREFIX_HEADER = YES;
				GCC_PREFIX_HEADER = "Brick/Brick-Prefix.pch";
				INFOPLIST_FILE = "Brick/Brick-Info.plist";
				PRODUCT_NAME = "$(TARGET_NAME)";
				WRAPPER_EXTENSION = app;
			};
			name = Debug;
		};
		20C53825198DD4BC00A63A89 /* Release */ = {
			isa = XCBuildConfiguration;
			buildSettings = {
				ASSETCATALOG_COMPILER_APPICON_NAME = AppIcon;
				ASSETCATALOG_COMPILER_LAUNCHIMAGE_NAME = LaunchImage;
				GCC_PRECOMPILE_PREFIX_HEADER = YES;
				GCC_PREFIX_HEADER = "Brick/Brick-Prefix.pch";
				INFOPLIST_FILE = "Brick/Brick-Info.plist";
				PRODUCT_NAME = "$(TARGET_NAME)";
				WRAPPER_EXTENSION = app;
			};
			name = Release;
		};
		20C53827198DD4BC00A63A89 /* Debug */ = {
			isa = XCBuildConfiguration;
			buildSettings = {
				BUNDLE_LOADER = "$(BUILT_PRODUCTS_DIR)/Brick.app/Brick";
				FRAMEWORK_SEARCH_PATHS = (
					"$(SDKROOT)/Developer/Library/Frameworks",
					"$(inherited)",
					"$(DEVELOPER_FRAMEWORKS_DIR)",
				);
				GCC_PRECOMPILE_PREFIX_HEADER = YES;
				GCC_PREFIX_HEADER = "Brick/Brick-Prefix.pch";
				GCC_PREPROCESSOR_DEFINITIONS = (
					"DEBUG=1",
					"$(inherited)",
				);
				INFOPLIST_FILE = "BrickTests/BrickTests-Info.plist";
				PRODUCT_NAME = "$(TARGET_NAME)";
				TEST_HOST = "$(BUNDLE_LOADER)";
				WRAPPER_EXTENSION = xctest;
			};
			name = Debug;
		};
		20C53828198DD4BC00A63A89 /* Release */ = {
			isa = XCBuildConfiguration;
			buildSettings = {
				BUNDLE_LOADER = "$(BUILT_PRODUCTS_DIR)/Brick.app/Brick";
				FRAMEWORK_SEARCH_PATHS = (
					"$(SDKROOT)/Developer/Library/Frameworks",
					"$(inherited)",
					"$(DEVELOPER_FRAMEWORKS_DIR)",
				);
				GCC_PRECOMPILE_PREFIX_HEADER = YES;
				GCC_PREFIX_HEADER = "Brick/Brick-Prefix.pch";
				INFOPLIST_FILE = "BrickTests/BrickTests-Info.plist";
				PRODUCT_NAME = "$(TARGET_NAME)";
				TEST_HOST = "$(BUNDLE_LOADER)";
				WRAPPER_EXTENSION = xctest;
			};
			name = Release;
		};
/* End XCBuildConfiguration section */

/* Begin XCConfigurationList section */
		20C537F2198DD4BC00A63A89 /* Build configuration list for PBXProject "Brick" */ = {
			isa = XCConfigurationList;
			buildConfigurations = (
				20C53821198DD4BC00A63A89 /* Debug */,
				20C53822198DD4BC00A63A89 /* Release */,
			);
			defaultConfigurationIsVisible = 0;
			defaultConfigurationName = Release;
		};
		20C53823198DD4BC00A63A89 /* Build configuration list for PBXNativeTarget "Brick" */ = {
			isa = XCConfigurationList;
			buildConfigurations = (
				20C53824198DD4BC00A63A89 /* Debug */,
				20C53825198DD4BC00A63A89 /* Release */,
			);
			defaultConfigurationIsVisible = 0;
			defaultConfigurationName = Release;
		};
		20C53826198DD4BC00A63A89 /* Build configuration list for PBXNativeTarget "BrickTests" */ = {
			isa = XCConfigurationList;
			buildConfigurations = (
				20C53827198DD4BC00A63A89 /* Debug */,
				20C53828198DD4BC00A63A89 /* Release */,
			);
			defaultConfigurationIsVisible = 0;
			defaultConfigurationName = Release;
		};
/* End XCConfigurationList section */
	};
	rootObject = 20C537EF198DD4BC00A63A89 /* Project object */;
}
